// !$*UTF8*$!
{
	archiveVersion = 1;
	classes = {
	};
	objectVersion = 46;
	objects = {

/* Begin PBXBuildFile section */
		6555E64718E1BAFA008A4512 /* Foundation.framework in Frameworks */ = {isa = PBXBuildFile; fileRef = 6555E64618E1BAFA008A4512 /* Foundation.framework */; };
		6555E64918E1BAFA008A4512 /* CoreGraphics.framework in Frameworks */ = {isa = PBXBuildFile; fileRef = 6555E64818E1BAFA008A4512 /* CoreGraphics.framework */; };
		6555E64B18E1BAFA008A4512 /* UIKit.framework in Frameworks */ = {isa = PBXBuildFile; fileRef = 6555E64A18E1BAFA008A4512 /* UIKit.framework */; };
		6555E65118E1BAFA008A4512 /* InfoPlist.strings in Resources */ = {isa = PBXBuildFile; fileRef = 6555E64F18E1BAFA008A4512 /* InfoPlist.strings */; };
		6555E65318E1BAFA008A4512 /* main.m in Sources */ = {isa = PBXBuildFile; fileRef = 6555E65218E1BAFA008A4512 /* main.m */; };
		6555E65A18E1BAFA008A4512 /* Main.storyboard in Resources */ = {isa = PBXBuildFile; fileRef = 6555E65818E1BAFA008A4512 /* Main.storyboard */; };
		6555E65F18E1BAFA008A4512 /* Images.xcassets in Resources */ = {isa = PBXBuildFile; fileRef = 6555E65E18E1BAFA008A4512 /* Images.xcassets */; };
		6555E66618E1BAFA008A4512 /* XCTest.framework in Frameworks */ = {isa = PBXBuildFile; fileRef = 6555E66518E1BAFA008A4512 /* XCTest.framework */; };
		6555E66718E1BAFA008A4512 /* Foundation.framework in Frameworks */ = {isa = PBXBuildFile; fileRef = 6555E64618E1BAFA008A4512 /* Foundation.framework */; };
		6555E66818E1BAFA008A4512 /* UIKit.framework in Frameworks */ = {isa = PBXBuildFile; fileRef = 6555E64A18E1BAFA008A4512 /* UIKit.framework */; };
		6555E67018E1BAFA008A4512 /* InfoPlist.strings in Resources */ = {isa = PBXBuildFile; fileRef = 6555E66E18E1BAFA008A4512 /* InfoPlist.strings */; };
		6555E67218E1BAFA008A4512 /* MVTextInputScrollerTests.m in Sources */ = {isa = PBXBuildFile; fileRef = 6555E67118E1BAFA008A4512 /* MVTextInputScrollerTests.m */; };
		6555E68118E1C091008A4512 /* AppDelegate.m in Sources */ = {isa = PBXBuildFile; fileRef = 6555E67E18E1C091008A4512 /* AppDelegate.m */; };
		6555E68218E1C091008A4512 /* ViewController.m in Sources */ = {isa = PBXBuildFile; fileRef = 6555E68018E1C091008A4512 /* ViewController.m */; };
		ABC3594B7EA359464D284C63 /* MVTextInputsScroller.m in Sources */ = {isa = PBXBuildFile; fileRef = ABC3540A0E9AECBE384208F5 /* MVTextInputsScroller.m */; };
/* End PBXBuildFile section */

/* Begin PBXContainerItemProxy section */
		6555E66918E1BAFA008A4512 /* PBXContainerItemProxy */ = {
			isa = PBXContainerItemProxy;
			containerPortal = 6555E63B18E1BAFA008A4512 /* Project object */;
			proxyType = 1;
			remoteGlobalIDString = 6555E64218E1BAFA008A4512;
			remoteInfo = MVTextInputScroller;
		};
/* End PBXContainerItemProxy section */

/* Begin PBXFileReference section */
		6555E64318E1BAFA008A4512 /* MVTextInputScroller.app */ = {isa = PBXFileReference; explicitFileType = wrapper.application; includeInIndex = 0; path = MVTextInputScroller.app; sourceTree = BUILT_PRODUCTS_DIR; };
		6555E64618E1BAFA008A4512 /* Foundation.framework */ = {isa = PBXFileReference; lastKnownFileType = wrapper.framework; name = Foundation.framework; path = System/Library/Frameworks/Foundation.framework; sourceTree = SDKROOT; };
		6555E64818E1BAFA008A4512 /* CoreGraphics.framework */ = {isa = PBXFileReference; lastKnownFileType = wrapper.framework; name = CoreGraphics.framework; path = System/Library/Frameworks/CoreGraphics.framework; sourceTree = SDKROOT; };
		6555E64A18E1BAFA008A4512 /* UIKit.framework */ = {isa = PBXFileReference; lastKnownFileType = wrapper.framework; name = UIKit.framework; path = System/Library/Frameworks/UIKit.framework; sourceTree = SDKROOT; };
		6555E64E18E1BAFA008A4512 /* MVTextInputScroller-Info.plist */ = {isa = PBXFileReference; lastKnownFileType = text.plist.xml; path = "MVTextInputScroller-Info.plist"; sourceTree = "<group>"; };
		6555E65018E1BAFA008A4512 /* en */ = {isa = PBXFileReference; lastKnownFileType = text.plist.strings; name = en; path = en.lproj/InfoPlist.strings; sourceTree = "<group>"; };
		6555E65218E1BAFA008A4512 /* main.m */ = {isa = PBXFileReference; lastKnownFileType = sourcecode.c.objc; path = main.m; sourceTree = "<group>"; };
		6555E65418E1BAFA008A4512 /* MVTextInputScroller-Prefix.pch */ = {isa = PBXFileReference; lastKnownFileType = sourcecode.c.h; path = "MVTextInputScroller-Prefix.pch"; sourceTree = "<group>"; };
		6555E65918E1BAFA008A4512 /* Base */ = {isa = PBXFileReference; lastKnownFileType = file.storyboard; name = Base; path = Base.lproj/Main.storyboard; sourceTree = "<group>"; };
		6555E65E18E1BAFA008A4512 /* Images.xcassets */ = {isa = PBXFileReference; lastKnownFileType = folder.assetcatalog; path = Images.xcassets; sourceTree = "<group>"; };
		6555E66418E1BAFA008A4512 /* MVTextInputScrollerTests.xctest */ = {isa = PBXFileReference; explicitFileType = wrapper.cfbundle; includeInIndex = 0; path = MVTextInputScrollerTests.xctest; sourceTree = BUILT_PRODUCTS_DIR; };
		6555E66518E1BAFA008A4512 /* XCTest.framework */ = {isa = PBXFileReference; lastKnownFileType = wrapper.framework; name = XCTest.framework; path = Library/Frameworks/XCTest.framework; sourceTree = DEVELOPER_DIR; };
		6555E66D18E1BAFA008A4512 /* MVTextInputScrollerTests-Info.plist */ = {isa = PBXFileReference; lastKnownFileType = text.plist.xml; path = "MVTextInputScrollerTests-Info.plist"; sourceTree = "<group>"; };
		6555E66F18E1BAFA008A4512 /* en */ = {isa = PBXFileReference; lastKnownFileType = text.plist.strings; name = en; path = en.lproj/InfoPlist.strings; sourceTree = "<group>"; };
		6555E67118E1BAFA008A4512 /* MVTextInputScrollerTests.m */ = {isa = PBXFileReference; lastKnownFileType = sourcecode.c.objc; path = MVTextInputScrollerTests.m; sourceTree = "<group>"; };
		6555E67D18E1C091008A4512 /* AppDelegate.h */ = {isa = PBXFileReference; fileEncoding = 4; lastKnownFileType = sourcecode.c.h; path = AppDelegate.h; sourceTree = "<group>"; };
		6555E67E18E1C091008A4512 /* AppDelegate.m */ = {isa = PBXFileReference; fileEncoding = 4; lastKnownFileType = sourcecode.c.objc; path = AppDelegate.m; sourceTree = "<group>"; };
		6555E67F18E1C091008A4512 /* ViewController.h */ = {isa = PBXFileReference; fileEncoding = 4; lastKnownFileType = sourcecode.c.h; path = ViewController.h; sourceTree = "<group>"; };
		6555E68018E1C091008A4512 /* ViewController.m */ = {isa = PBXFileReference; fileEncoding = 4; lastKnownFileType = sourcecode.c.objc; path = ViewController.m; sourceTree = "<group>"; };
		ABC3522A065CAC921B22EDEB /* MVTextInputsScroller.h */ = {isa = PBXFileReference; fileEncoding = 4; lastKnownFileType = sourcecode.c.h; path = MVTextInputsScroller.h; sourceTree = "<group>"; };
		ABC3540A0E9AECBE384208F5 /* MVTextInputsScroller.m */ = {isa = PBXFileReference; fileEncoding = 4; lastKnownFileType = sourcecode.c.objc; path = MVTextInputsScroller.m; sourceTree = "<group>"; };
/* End PBXFileReference section */

/* Begin PBXFrameworksBuildPhase section */
		6555E64018E1BAFA008A4512 /* Frameworks */ = {
			isa = PBXFrameworksBuildPhase;
			buildActionMask = 2147483647;
			files = (
				6555E64918E1BAFA008A4512 /* CoreGraphics.framework in Frameworks */,
				6555E64B18E1BAFA008A4512 /* UIKit.framework in Frameworks */,
				6555E64718E1BAFA008A4512 /* Foundation.framework in Frameworks */,
			);
			runOnlyForDeploymentPostprocessing = 0;
		};
		6555E66118E1BAFA008A4512 /* Frameworks */ = {
			isa = PBXFrameworksBuildPhase;
			buildActionMask = 2147483647;
			files = (
				6555E66618E1BAFA008A4512 /* XCTest.framework in Frameworks */,
				6555E66818E1BAFA008A4512 /* UIKit.framework in Frameworks */,
				6555E66718E1BAFA008A4512 /* Foundation.framework in Frameworks */,
			);
			runOnlyForDeploymentPostprocessing = 0;
		};
/* End PBXFrameworksBuildPhase section */

/* Begin PBXGroup section */
		6555E63A18E1BAFA008A4512 = {
			isa = PBXGroup;
			children = (
				6555E67B18E1BBF9008A4512 /* MVTextInputsScroller */,
				6555E64C18E1BAFA008A4512 /* MVTextInputScroller */,
				6555E66B18E1BAFA008A4512 /* MVTextInputScrollerTests */,
				6555E64518E1BAFA008A4512 /* Frameworks */,
				6555E64418E1BAFA008A4512 /* Products */,
			);
			sourceTree = "<group>";
		};
		6555E64418E1BAFA008A4512 /* Products */ = {
			isa = PBXGroup;
			children = (
				6555E64318E1BAFA008A4512 /* MVTextInputScroller.app */,
				6555E66418E1BAFA008A4512 /* MVTextInputScrollerTests.xctest */,
			);
			name = Products;
			sourceTree = "<group>";
		};
		6555E64518E1BAFA008A4512 /* Frameworks */ = {
			isa = PBXGroup;
			children = (
				6555E64618E1BAFA008A4512 /* Foundation.framework */,
				6555E64818E1BAFA008A4512 /* CoreGraphics.framework */,
				6555E64A18E1BAFA008A4512 /* UIKit.framework */,
				6555E66518E1BAFA008A4512 /* XCTest.framework */,
			);
			name = Frameworks;
			sourceTree = "<group>";
		};
		6555E64C18E1BAFA008A4512 /* MVTextInputScroller */ = {
			isa = PBXGroup;
			children = (
				6555E67C18E1C091008A4512 /* Classes */,
				6555E65818E1BAFA008A4512 /* Main.storyboard */,
				6555E65E18E1BAFA008A4512 /* Images.xcassets */,
				6555E64D18E1BAFA008A4512 /* Supporting Files */,
			);
			path = MVTextInputScroller;
			sourceTree = "<group>";
		};
		6555E64D18E1BAFA008A4512 /* Supporting Files */ = {
			isa = PBXGroup;
			children = (
				6555E64E18E1BAFA008A4512 /* MVTextInputScroller-Info.plist */,
				6555E64F18E1BAFA008A4512 /* InfoPlist.strings */,
				6555E65218E1BAFA008A4512 /* main.m */,
				6555E65418E1BAFA008A4512 /* MVTextInputScroller-Prefix.pch */,
			);
			name = "Supporting Files";
			sourceTree = "<group>";
		};
		6555E66B18E1BAFA008A4512 /* MVTextInputScrollerTests */ = {
			isa = PBXGroup;
			children = (
				6555E67118E1BAFA008A4512 /* MVTextInputScrollerTests.m */,
				6555E66C18E1BAFA008A4512 /* Supporting Files */,
			);
			path = MVTextInputScrollerTests;
			sourceTree = "<group>";
		};
		6555E66C18E1BAFA008A4512 /* Supporting Files */ = {
			isa = PBXGroup;
			children = (
				6555E66D18E1BAFA008A4512 /* MVTextInputScrollerTests-Info.plist */,
				6555E66E18E1BAFA008A4512 /* InfoPlist.strings */,
			);
			name = "Supporting Files";
			sourceTree = "<group>";
		};
		6555E67B18E1BBF9008A4512 /* MVTextInputsScroller */ = {
			isa = PBXGroup;
			children = (
				ABC3540A0E9AECBE384208F5 /* MVTextInputsScroller.m */,
				ABC3522A065CAC921B22EDEB /* MVTextInputsScroller.h */,
			);
			path = MVTextInputsScroller;
			sourceTree = "<group>";
		};
		6555E67C18E1C091008A4512 /* Classes */ = {
			isa = PBXGroup;
			children = (
				6555E67D18E1C091008A4512 /* AppDelegate.h */,
				6555E67E18E1C091008A4512 /* AppDelegate.m */,
				6555E67F18E1C091008A4512 /* ViewController.h */,
				6555E68018E1C091008A4512 /* ViewController.m */,
			);
			path = Classes;
			sourceTree = "<group>";
		};
/* End PBXGroup section */

/* Begin PBXNativeTarget section */
		6555E64218E1BAFA008A4512 /* MVTextInputScroller */ = {
			isa = PBXNativeTarget;
			buildConfigurationList = 6555E67518E1BAFA008A4512 /* Build configuration list for PBXNativeTarget "MVTextInputScroller" */;
			buildPhases = (
				6555E63F18E1BAFA008A4512 /* Sources */,
				6555E64018E1BAFA008A4512 /* Frameworks */,
				6555E64118E1BAFA008A4512 /* Resources */,
			);
			buildRules = (
			);
			dependencies = (
			);
			name = MVTextInputScroller;
			productName = MVTextInputScroller;
			productReference = 6555E64318E1BAFA008A4512 /* MVTextInputScroller.app */;
			productType = "com.apple.product-type.application";
		};
		6555E66318E1BAFA008A4512 /* MVTextInputScrollerTests */ = {
			isa = PBXNativeTarget;
			buildConfigurationList = 6555E67818E1BAFA008A4512 /* Build configuration list for PBXNativeTarget "MVTextInputScrollerTests" */;
			buildPhases = (
				6555E66018E1BAFA008A4512 /* Sources */,
				6555E66118E1BAFA008A4512 /* Frameworks */,
				6555E66218E1BAFA008A4512 /* Resources */,
			);
			buildRules = (
			);
			dependencies = (
				6555E66A18E1BAFA008A4512 /* PBXTargetDependency */,
			);
			name = MVTextInputScrollerTests;
			productName = MVTextInputScrollerTests;
			productReference = 6555E66418E1BAFA008A4512 /* MVTextInputScrollerTests.xctest */;
			productType = "com.apple.product-type.bundle.unit-test";
		};
/* End PBXNativeTarget section */

/* Begin PBXProject section */
		6555E63B18E1BAFA008A4512 /* Project object */ = {
			isa = PBXProject;
			attributes = {
				LastUpgradeCheck = 0510;
				ORGANIZATIONNAME = musevisions;
				TargetAttributes = {
					6555E66318E1BAFA008A4512 = {
						TestTargetID = 6555E64218E1BAFA008A4512;
					};
				};
			};
			buildConfigurationList = 6555E63E18E1BAFA008A4512 /* Build configuration list for PBXProject "MVTextInputScroller" */;
			compatibilityVersion = "Xcode 3.2";
			developmentRegion = English;
			hasScannedForEncodings = 0;
			knownRegions = (
				en,
				Base,
			);
			mainGroup = 6555E63A18E1BAFA008A4512;
			productRefGroup = 6555E64418E1BAFA008A4512 /* Products */;
			projectDirPath = "";
			projectRoot = "";
			targets = (
				6555E64218E1BAFA008A4512 /* MVTextInputScroller */,
				6555E66318E1BAFA008A4512 /* MVTextInputScrollerTests */,
			);
		};
/* End PBXProject section */

/* Begin PBXResourcesBuildPhase section */
		6555E64118E1BAFA008A4512 /* Resources */ = {
			isa = PBXResourcesBuildPhase;
			buildActionMask = 2147483647;
			files = (
				6555E65F18E1BAFA008A4512 /* Images.xcassets in Resources */,
				6555E65118E1BAFA008A4512 /* InfoPlist.strings in Resources */,
				6555E65A18E1BAFA008A4512 /* Main.storyboard in Resources */,
			);
			runOnlyForDeploymentPostprocessing = 0;
		};
		6555E66218E1BAFA008A4512 /* Resources */ = {
			isa = PBXResourcesBuildPhase;
			buildActionMask = 2147483647;
			files = (
				6555E67018E1BAFA008A4512 /* InfoPlist.strings in Resources */,
			);
			runOnlyForDeploymentPostprocessing = 0;
		};
/* End PBXResourcesBuildPhase section */

/* Begin PBXSourcesBuildPhase section */
		6555E63F18E1BAFA008A4512 /* Sources */ = {
			isa = PBXSourcesBuildPhase;
			buildActionMask = 2147483647;
			files = (
				6555E68218E1C091008A4512 /* ViewController.m in Sources */,
				6555E65318E1BAFA008A4512 /* main.m in Sources */,
				ABC3594B7EA359464D284C63 /* MVTextInputsScroller.m in Sources */,
				6555E68118E1C091008A4512 /* AppDelegate.m in Sources */,
			);
			runOnlyForDeploymentPostprocessing = 0;
		};
		6555E66018E1BAFA008A4512 /* Sources */ = {
			isa = PBXSourcesBuildPhase;
			buildActionMask = 2147483647;
			files = (
				6555E67218E1BAFA008A4512 /* MVTextInputScrollerTests.m in Sources */,
			);
			runOnlyForDeploymentPostprocessing = 0;
		};
/* End PBXSourcesBuildPhase section */

/* Begin PBXTargetDependency section */
		6555E66A18E1BAFA008A4512 /* PBXTargetDependency */ = {
			isa = PBXTargetDependency;
			target = 6555E64218E1BAFA008A4512 /* MVTextInputScroller */;
			targetProxy = 6555E66918E1BAFA008A4512 /* PBXContainerItemProxy */;
		};
/* End PBXTargetDependency section */

/* Begin PBXVariantGroup section */
		6555E64F18E1BAFA008A4512 /* InfoPlist.strings */ = {
			isa = PBXVariantGroup;
			children = (
				6555E65018E1BAFA008A4512 /* en */,
			);
			name = InfoPlist.strings;
			sourceTree = "<group>";
		};
		6555E65818E1BAFA008A4512 /* Main.storyboard */ = {
			isa = PBXVariantGroup;
			children = (
				6555E65918E1BAFA008A4512 /* Base */,
			);
			name = Main.storyboard;
			sourceTree = "<group>";
		};
		6555E66E18E1BAFA008A4512 /* InfoPlist.strings */ = {
			isa = PBXVariantGroup;
			children = (
				6555E66F18E1BAFA008A4512 /* en */,
			);
			name = InfoPlist.strings;
			sourceTree = "<group>";
		};
/* End PBXVariantGroup section */

/* Begin XCBuildConfiguration section */
		6555E67318E1BAFA008A4512 /* Debug */ = {
			isa = XCBuildConfiguration;
			buildSettings = {
				ALWAYS_SEARCH_USER_PATHS = NO;
				CLANG_CXX_LANGUAGE_STANDARD = "gnu++0x";
				CLANG_CXX_LIBRARY = "libc++";
				CLANG_ENABLE_MODULES = YES;
				CLANG_ENABLE_OBJC_ARC = YES;
				CLANG_WARN_BOOL_CONVERSION = YES;
				CLANG_WARN_CONSTANT_CONVERSION = YES;
				CLANG_WARN_DIRECT_OBJC_ISA_USAGE = YES_ERROR;
				CLANG_WARN_EMPTY_BODY = YES;
				CLANG_WARN_ENUM_CONVERSION = YES;
				CLANG_WARN_INT_CONVERSION = YES;
				CLANG_WARN_OBJC_ROOT_CLASS = YES_ERROR;
				CLANG_WARN__DUPLICATE_METHOD_MATCH = YES;
				"CODE_SIGN_IDENTITY[sdk=iphoneos*]" = "iPhone Developer";
				COPY_PHASE_STRIP = NO;
				GCC_C_LANGUAGE_STANDARD = gnu99;
				GCC_DYNAMIC_NO_PIC = NO;
				GCC_OPTIMIZATION_LEVEL = 0;
				GCC_PREPROCESSOR_DEFINITIONS = (
					"DEBUG=1",
					"$(inherited)",
				);
				GCC_SYMBOLS_PRIVATE_EXTERN = NO;
				GCC_WARN_64_TO_32_BIT_CONVERSION = YES;
				GCC_WARN_ABOUT_RETURN_TYPE = YES_ERROR;
				GCC_WARN_UNDECLARED_SELECTOR = YES;
				GCC_WARN_UNINITIALIZED_AUTOS = YES_AGGRESSIVE;
				GCC_WARN_UNUSED_FUNCTION = YES;
				GCC_WARN_UNUSED_VARIABLE = YES;
				IPHONEOS_DEPLOYMENT_TARGET = 7.1;
				ONLY_ACTIVE_ARCH = YES;
				SDKROOT = iphoneos;
			};
			name = Debug;
		};
		6555E67418E1BAFA008A4512 /* Release */ = {
			isa = XCBuildConfiguration;
			buildSettings = {
				ALWAYS_SEARCH_USER_PATHS = NO;
				CLANG_CXX_LANGUAGE_STANDARD = "gnu++0x";
				CLANG_CXX_LIBRARY = "libc++";
				CLANG_ENABLE_MODULES = YES;
				CLANG_ENABLE_OBJC_ARC = YES;
				CLANG_WARN_BOOL_CONVERSION = YES;
				CLANG_WARN_CONSTANT_CONVERSION = YES;
				CLANG_WARN_DIRECT_OBJC_ISA_USAGE = YES_ERROR;
				CLANG_WARN_EMPTY_BODY = YES;
				CLANG_WARN_ENUM_CONVERSION = YES;
				CLANG_WARN_INT_CONVERSION = YES;
				CLANG_WARN_OBJC_ROOT_CLASS = YES_ERROR;
				CLANG_WARN__DUPLICATE_METHOD_MATCH = YES;
				"CODE_SIGN_IDENTITY[sdk=iphoneos*]" = "iPhone Developer";
				COPY_PHASE_STRIP = YES;
				ENABLE_NS_ASSERTIONS = NO;
				GCC_C_LANGUAGE_STANDARD = gnu99;
				GCC_WARN_64_TO_32_BIT_CONVERSION = YES;
				GCC_WARN_ABOUT_RETURN_TYPE = YES_ERROR;
				GCC_WARN_UNDECLARED_SELECTOR = YES;
				GCC_WARN_UNINITIALIZED_AUTOS = YES_AGGRESSIVE;
				GCC_WARN_UNUSED_FUNCTION = YES;
				GCC_WARN_UNUSED_VARIABLE = YES;
				IPHONEOS_DEPLOYMENT_TARGET = 7.1;
				SDKROOT = iphoneos;
				VALIDATE_PRODUCT = YES;
			};
			name = Release;
		};
		6555E67618E1BAFA008A4512 /* Debug */ = {
			isa = XCBuildConfiguration;
			buildSettings = {
				ASSETCATALOG_COMPILER_APPICON_NAME = AppIcon;
				ASSETCATALOG_COMPILER_LAUNCHIMAGE_NAME = LaunchImage;
				GCC_PRECOMPILE_PREFIX_HEADER = YES;
				GCC_PREFIX_HEADER = "MVTextInputScroller/MVTextInputScroller-Prefix.pch";
				INFOPLIST_FILE = "MVTextInputScroller/MVTextInputScroller-Info.plist";
				PRODUCT_NAME = "$(TARGET_NAME)";
				WRAPPER_EXTENSION = app;
			};
			name = Debug;
		};
		6555E67718E1BAFA008A4512 /* Release */ = {
			isa = XCBuildConfiguration;
			buildSettings = {
				ASSETCATALOG_COMPILER_APPICON_NAME = AppIcon;
				ASSETCATALOG_COMPILER_LAUNCHIMAGE_NAME = LaunchImage;
				GCC_PRECOMPILE_PREFIX_HEADER = YES;
				GCC_PREFIX_HEADER = "MVTextInputScroller/MVTextInputScroller-Prefix.pch";
				INFOPLIST_FILE = "MVTextInputScroller/MVTextInputScroller-Info.plist";
				PRODUCT_NAME = "$(TARGET_NAME)";
				WRAPPER_EXTENSION = app;
			};
			name = Release;
		};
		6555E67918E1BAFA008A4512 /* Debug */ = {
			isa = XCBuildConfiguration;
			buildSettings = {
				BUNDLE_LOADER = "$(BUILT_PRODUCTS_DIR)/MVTextInputScroller.app/MVTextInputScroller";
				FRAMEWORK_SEARCH_PATHS = (
					"$(SDKROOT)/Developer/Library/Frameworks",
					"$(inherited)",
					"$(DEVELOPER_FRAMEWORKS_DIR)",
				);
				GCC_PRECOMPILE_PREFIX_HEADER = YES;
				GCC_PREFIX_HEADER = "MVTextInputScroller/MVTextInputScroller-Prefix.pch";
				GCC_PREPROCESSOR_DEFINITIONS = (
					"DEBUG=1",
					"$(inherited)",
				);
				INFOPLIST_FILE = "MVTextInputScrollerTests/MVTextInputScrollerTests-Info.plist";
				PRODUCT_NAME = "$(TARGET_NAME)";
				TEST_HOST = "$(BUNDLE_LOADER)";
				WRAPPER_EXTENSION = xctest;
			};
			name = Debug;
		};
		6555E67A18E1BAFA008A4512 /* Release */ = {
			isa = XCBuildConfiguration;
			buildSettings = {
				BUNDLE_LOADER = "$(BUILT_PRODUCTS_DIR)/MVTextInputScroller.app/MVTextInputScroller";
				FRAMEWORK_SEARCH_PATHS = (
					"$(SDKROOT)/Developer/Library/Frameworks",
					"$(inherited)",
					"$(DEVELOPER_FRAMEWORKS_DIR)",
				);
				GCC_PRECOMPILE_PREFIX_HEADER = YES;
				GCC_PREFIX_HEADER = "MVTextInputScroller/MVTextInputScroller-Prefix.pch";
				INFOPLIST_FILE = "MVTextInputScrollerTests/MVTextInputScrollerTests-Info.plist";
				PRODUCT_NAME = "$(TARGET_NAME)";
				TEST_HOST = "$(BUNDLE_LOADER)";
				WRAPPER_EXTENSION = xctest;
			};
			name = Release;
		};
/* End XCBuildConfiguration section */

/* Begin XCConfigurationList section */
		6555E63E18E1BAFA008A4512 /* Build configuration list for PBXProject "MVTextInputScroller" */ = {
			isa = XCConfigurationList;
			buildConfigurations = (
				6555E67318E1BAFA008A4512 /* Debug */,
				6555E67418E1BAFA008A4512 /* Release */,
			);
			defaultConfigurationIsVisible = 0;
			defaultConfigurationName = Release;
		};
		6555E67518E1BAFA008A4512 /* Build configuration list for PBXNativeTarget "MVTextInputScroller" */ = {
			isa = XCConfigurationList;
			buildConfigurations = (
				6555E67618E1BAFA008A4512 /* Debug */,
				6555E67718E1BAFA008A4512 /* Release */,
			);
			defaultConfigurationIsVisible = 0;
			defaultConfigurationName = Release;
		};
		6555E67818E1BAFA008A4512 /* Build configuration list for PBXNativeTarget "MVTextInputScrollerTests" */ = {
			isa = XCConfigurationList;
			buildConfigurations = (
				6555E67918E1BAFA008A4512 /* Debug */,
				6555E67A18E1BAFA008A4512 /* Release */,
			);
			defaultConfigurationIsVisible = 0;
			defaultConfigurationName = Release;
		};
/* End XCConfigurationList section */
	};
	rootObject = 6555E63B18E1BAFA008A4512 /* Project object */;
}
